Microsoft Visual Studio Solution File, Format Version 12.00
# Visual Studio Version 17
VisualStudioVersion = 17.8.0.0
MinimumVisualStudioVersion = 17.8.0.0
Project("{9A19103F-16F7-4668-BE54-9A1E7A4F7556}") = "MyAspireApp.AppHost", "MyAspireApp.AppHost\MyAspireApp.AppHost.csproj", "{DC5B8897-7FD5-4ED2-B878-F14C5EA9F3B5}"
EndProject
Project("{9A19103F-16F7-4668-BE54-9A1E7A4F7556}") = "MyAspireApp.ServiceDefaults", "MyAspireApp.ServiceDefaults\MyAspireApp.ServiceDefaults.csproj", "{005F82F4-D4CA-418D-889E-E9506722C031}"
EndProject
Project("{9A19103F-16F7-4668-BE54-9A1E7A4F7556}") = "MyAspireApp.ApiService", "MyAspireApp.ApiService\MyAspireApp.ApiService.csproj", "{30A94828-A595-4996-98CD-BBAB9477AC7A}"
EndProject
Project("{9A19103F-16F7-4668-BE54-9A1E7A4F7556}") = "MyAspireApp.Tests", "MyAspireApp.Tests\MyAspireApp.Tests.csproj", "{C918A05A-B9BF-420E-A77E-B2402818E8E1}"
EndProject
Project("{9A19103F-16F7-4668-BE54-9A1E7A4F7556}") = "MyAspireApp.Web", "MyAspireApp.Web\MyAspireApp.Web.csproj", "{70B798BE-0905-4945-A8BC-E569931D1597}"
EndProject
Global
	GlobalSection(SolutionConfigurationPlatforms) = preSolution
		Debug|Any CPU = Debug|Any CPU
		Release|Any CPU = Release|Any CPU
	EndGlobalSection
	GlobalSection(ProjectConfigurationPlatforms) = postSolution
		{DC5B8897-7FD5-4ED2-B878-F14C5EA9F3B5}.Debug|Any CPU.ActiveCfg = Debug|Any CPU
		{DC5B8897-7FD5-4ED2-B878-F14C5EA9F3B5}.Debug|Any CPU.Build.0 = Debug|Any CPU
		{DC5B8897-7FD5-4ED2-B878-F14C5EA9F3B5}.Release|Any CPU.ActiveCfg = Release|Any CPU
		{DC5B8897-7FD5-4ED2-B878-F14C5EA9F3B5}.Release|Any CPU.Build.0 = Release|Any CPU
		{005F82F4-D4CA-418D-889E-E9506722C031}.Debug|Any CPU.ActiveCfg = Debug|Any CPU
		{005F82F4-D4CA-418D-889E-E9506722C031}.Debug|Any CPU.Build.0 = Debug|Any CPU
		{005F82F4-D4CA-418D-889E-E9506722C031}.Release|Any CPU.ActiveCfg = Release|Any CPU
		{005F82F4-D4CA-418D-889E-E9506722C031}.Release|Any CPU.Build.0 = Release|Any CPU
		{30A94828-A595-4996-98CD-BBAB9477AC7A}.Debug|Any CPU.ActiveCfg = Debug|Any CPU
		{30A94828-A595-4996-98CD-BBAB9477AC7A}.Debug|Any CPU.Build.0 = Debug|Any CPU
		{30A94828-A595-4996-98CD-BBAB9477AC7A}.Release|Any CPU.ActiveCfg = Release|Any CPU
		{30A94828-A595-4996-98CD-BBAB9477AC7A}.Release|Any CPU.Build.0 = Release|Any CPU
		{C918A05A-B9BF-420E-A77E-B2402818E8E1}.Debug|Any CPU.ActiveCfg = Debug|Any CPU
		{C918A05A-B9BF-420E-A77E-B2402818E8E1}.Debug|Any CPU.Build.0 = Debug|Any CPU
		{C918A05A-B9BF-420E-A77E-B2402818E8E1}.Release|Any CPU.ActiveCfg = Release|Any CPU
		{C918A05A-B9BF-420E-A77E-B2402818E8E1}.Release|Any CPU.Build.0 = Release|Any CPU
		{70B798BE-0905-4945-A8BC-E569931D1597}.Debug|Any CPU.ActiveCfg = Debug|Any CPU
		{70B798BE-0905-4945-A8BC-E569931D1597}.Debug|Any CPU.Build.0 = Debug|Any CPU
		{70B798BE-0905-4945-A8BC-E569931D1597}.Release|Any CPU.ActiveCfg = Release|Any CPU
		{70B798BE-0905-4945-A8BC-E569931D1597}.Release|Any CPU.Build.0 = Release|Any CPU
	EndGlobalSection
	GlobalSection(SolutionProperties) = preSolution
		HideSolutionNode = FALSE
	EndGlobalSection
	GlobalSection(ExtensibilityGlobals) = postSolution
		SolutionGuid = {20EFF67E-BDCB-4EB8-98C1-E3391CCF351B}
	EndGlobalSection
EndGlobal
